<?xml version="1.0" encoding="utf-8"?>
<Project ToolsVersion="4.0" xmlns="http://schemas.microsoft.com/developer/msbuild/2003">
  <ItemGroup>
    <Filter Include="Source Files">
      <UniqueIdentifier>{4FC737F1-C7A5-4376-A066-2A32D752A2FF}</UniqueIdentifier>
      <Extensions>cpp;c;cc;cxx;c++;cppm;ixx;def;odl;idl;hpj;bat;asm;asmx</Extensions>
    </Filter>
    <Filter Include="Resource Files">
      <UniqueIdentifier>{67DA6AB6-F800-4c08-8B7A-83BB121AAD01}</UniqueIdentifier>
      <Extensions>rc;ico;cur;bmp;dlg;rc2;rct;bin;rgs;gif;jpg;jpeg;jpe;resx;tiff;tif;png;wav;mfcribbon-ms</Extensions>
    </Filter>
    <Filter Include="Source Files\Components">
      <UniqueIdentifier>{efdee0bd-d7b9-4f8f-a6c9-de7b4bb53b24}</UniqueIdentifier>
    </Filter>
    <Filter Include="Source Files\Components\Lives">
      <UniqueIdentifier>{2b44f259-f2f1-48a4-9d94-62da948abf4e}</UniqueIdentifier>
    </Filter>
    <Filter Include="Source Files\Components\Health">
      <UniqueIdentifier>{30722c0c-7b7d-4060-af30-9d6331a5de37}</UniqueIdentifier>
    </Filter>
    <Filter Include="Source Files\Commands">
      <UniqueIdentifier>{7a84fe88-d891-4cd9-b17e-16e17ce5fe2b}</UniqueIdentifier>
    </Filter>
    <Filter Include="Source Files\Commands\LoseLife">
      <UniqueIdentifier>{d782144f-0af7-47d5-b7bd-5eafa329c994}</UniqueIdentifier>
    </Filter>
    <Filter Include="Source Files\Components\Tile">
      <UniqueIdentifier>{eff0b060-ea22-4abc-a8e9-be4c5d78749f}</UniqueIdentifier>
    </Filter>
    <Filter Include="Source Files\Components\Discs">
      <UniqueIdentifier>{15cedeef-7c5f-41d0-92ff-28f3af7bb55a}</UniqueIdentifier>
    </Filter>
    <Filter Include="Source Files\Components\Coily">
      <UniqueIdentifier>{a0154caa-695d-4352-9bdd-7515b78d2298}</UniqueIdentifier>
    </Filter>
    <Filter Include="Source Files\Components\Onion">
      <UniqueIdentifier>{b37ca333-b091-4521-880b-b4e5feb5631e}</UniqueIdentifier>
    </Filter>
    <Filter Include="Source Files\Components\Score">
      <UniqueIdentifier>{e773d887-10cd-4a79-b105-8943a4135dec}</UniqueIdentifier>
    </Filter>
    <Filter Include="Source Files\Observers">
      <UniqueIdentifier>{ebb0fe62-db5f-4d2e-8617-219a8ba29aa1}</UniqueIdentifier>
    </Filter>
    <Filter Include="Source Files\Observers\LivesObserver">
      <UniqueIdentifier>{01b578ac-a3f6-4939-84e7-0e4d191783af}</UniqueIdentifier>
    </Filter>
    <Filter Include="Source Files\Commands\Death">
      <UniqueIdentifier>{96af81bd-09d0-4e12-8301-dd3efdfb6f40}</UniqueIdentifier>
    </Filter>
    <Filter Include="Source Files\Observers\Tile">
      <UniqueIdentifier>{5f715058-de86-4695-821c-04608611713c}</UniqueIdentifier>
    </Filter>
    <Filter Include="Source Files\Components\QBert">
      <UniqueIdentifier>{46e5280b-b5ca-4cca-b4f1-1ea91bcc8f9c}</UniqueIdentifier>
    </Filter>
    <Filter Include="Source Files\Observers\QBertObserver">
      <UniqueIdentifier>{fcf0fbeb-dd94-4d0f-9939-8e3748f45a86}</UniqueIdentifier>
    </Filter>
    <Filter Include="Source Files\Commands\IncreaseScore">
      <UniqueIdentifier>{b6f1b1d4-91fd-426d-a0d2-40930473e140}</UniqueIdentifier>
    </Filter>
    <Filter Include="Source Files\Levels">
      <UniqueIdentifier>{1f8c7f11-449e-4bfd-be6b-65f5624412ca}</UniqueIdentifier>
    </Filter>
    <Filter Include="Source Files\Scenes">
      <UniqueIdentifier>{3ebe29b1-cf85-4b2c-84e4-3dc6ace5df94}</UniqueIdentifier>
    </Filter>
  </ItemGroup>
  <ItemGroup>
    <ClCompile Include="HealthComponent.cpp">
      <Filter>Source Files\Components\Health</Filter>
    </ClCompile>
    <ClCompile Include="UILivesComponent.cpp">
      <Filter>Source Files\Components\Lives</Filter>
    </ClCompile>
    <ClCompile Include="LoseLifeCommand.cpp">
      <Filter>Source Files\Commands\LoseLife</Filter>
    </ClCompile>
    <ClCompile Include="TileComponent.cpp">
      <Filter>Source Files\Components\Tile</Filter>
    </ClCompile>
    <ClCompile Include="UIScoreComponent.cpp">
      <Filter>Source Files\Components\Score</Filter>
    </ClCompile>
    <ClCompile Include="QBertApp.cpp">
      <Filter>Source Files</Filter>
    </ClCompile>
    <ClCompile Include="LivesObserver.cpp">
      <Filter>Source Files\Observers\LivesObserver</Filter>
    </ClCompile>
    <ClCompile Include="DeathCommand.cpp">
      <Filter>Source Files\Commands\Death</Filter>
    </ClCompile>
    <ClCompile Include="QBertComponent.cpp">
      <Filter>Source Files\Components\QBert</Filter>
    </ClCompile>
    <ClCompile Include="QBertObserver.cpp">
      <Filter>Source Files\Observers\QBertObserver</Filter>
    </ClCompile>
    <ClCompile Include="Level.cpp">
      <Filter>Source Files\Levels</Filter>
    </ClCompile>
    <ClCompile Include="Scene1.cpp">
      <Filter>Source Files\Scenes</Filter>
    </ClCompile>
  </ItemGroup>
  <ItemGroup>
    <ClInclude Include="QBertApp.h">
      <Filter>Source Files</Filter>
    </ClInclude>
    <ClInclude Include="HealthComponent.h">
      <Filter>Source Files\Components\Health</Filter>
    </ClInclude>
    <ClInclude Include="UILivesComponent.h">
      <Filter>Source Files\Components\Lives</Filter>
    </ClInclude>
    <ClInclude Include="LoseLifeCommand.h">
      <Filter>Source Files\Commands\LoseLife</Filter>
    </ClInclude>
    <ClInclude Include="TileComponent.h">
      <Filter>Source Files\Components\Tile</Filter>
    </ClInclude>
    <ClInclude Include="UIScoreComponent.h">
      <Filter>Source Files\Components\Score</Filter>
    </ClInclude>
    <ClInclude Include="LivesObserver.h">
      <Filter>Source Files\Observers\LivesObserver</Filter>
    </ClInclude>
    <ClInclude Include="DeathCommand.h">
      <Filter>Source Files\Commands\Death</Filter>
    </ClInclude>
    <ClInclude Include="QBertComponent.h">
      <Filter>Source Files\Components\QBert</Filter>
    </ClInclude>
    <ClInclude Include="QBertObserver.h">
      <Filter>Source Files\Observers\QBertObserver</Filter>
    </ClInclude>
    <ClInclude Include="Level.h">
      <Filter>Source Files\Levels</Filter>
    </ClInclude>
    <ClInclude Include="Scene1.h">
      <Filter>Source Files\Scenes</Filter>
    </ClInclude>
  </ItemGroup>
</Project>