<?xml version="1.0" encoding="utf-8"?>
<Project ToolsVersion="4.0" xmlns="http://schemas.microsoft.com/developer/msbuild/2003">
  <ItemGroup>
    <Filter Include="Source Files">
      <UniqueIdentifier>{4FC737F1-C7A5-4376-A066-2A32D752A2FF}</UniqueIdentifier>
      <Extensions>cpp;c;cc;cxx;c++;cppm;ixx;def;odl;idl;hpj;bat;asm;asmx</Extensions>
    </Filter>
    <Filter Include="Resource Files">
      <UniqueIdentifier>{67DA6AB6-F800-4c08-8B7A-83BB121AAD01}</UniqueIdentifier>
      <Extensions>rc;ico;cur;bmp;dlg;rc2;rct;bin;rgs;gif;jpg;jpeg;jpe;resx;tiff;tif;png;wav;mfcribbon-ms</Extensions>
    </Filter>
    <Filter Include="Source Files\Commands">
      <UniqueIdentifier>{7a84fe88-d891-4cd9-b17e-16e17ce5fe2b}</UniqueIdentifier>
    </Filter>
    <Filter Include="Source Files\Commands\LoseLife">
      <UniqueIdentifier>{d782144f-0af7-47d5-b7bd-5eafa329c994}</UniqueIdentifier>
    </Filter>
    <Filter Include="Source Files\Observers">
      <UniqueIdentifier>{ebb0fe62-db5f-4d2e-8617-219a8ba29aa1}</UniqueIdentifier>
    </Filter>
    <Filter Include="Source Files\Observers\LivesObserver">
      <UniqueIdentifier>{01b578ac-a3f6-4939-84e7-0e4d191783af}</UniqueIdentifier>
    </Filter>
    <Filter Include="Source Files\Commands\Death">
      <UniqueIdentifier>{96af81bd-09d0-4e12-8301-dd3efdfb6f40}</UniqueIdentifier>
    </Filter>
    <Filter Include="Source Files\Observers\QBertObserver">
      <UniqueIdentifier>{fcf0fbeb-dd94-4d0f-9939-8e3748f45a86}</UniqueIdentifier>
    </Filter>
    <Filter Include="Source Files\Commands\IncreaseScore">
      <UniqueIdentifier>{b6f1b1d4-91fd-426d-a0d2-40930473e140}</UniqueIdentifier>
    </Filter>
    <Filter Include="Source Files\Scenes">
      <UniqueIdentifier>{3ebe29b1-cf85-4b2c-84e4-3dc6ace5df94}</UniqueIdentifier>
    </Filter>
    <Filter Include="Source Files\Scenes\Scene1">
      <UniqueIdentifier>{c4b40319-cbac-4eb2-9152-215868b1acaa}</UniqueIdentifier>
    </Filter>
    <Filter Include="Source Files\QBertPCH">
      <UniqueIdentifier>{665967bd-dc1d-472b-b904-c30ed51c8095}</UniqueIdentifier>
    </Filter>
    <Filter Include="Source Files\Scenes\TestScene">
      <UniqueIdentifier>{79a0e4ad-e299-45d3-ae16-a611c9490edb}</UniqueIdentifier>
    </Filter>
    <Filter Include="Source Files\Scenes\PyramidScene">
      <UniqueIdentifier>{88930e38-beef-4441-aef6-9628fc26e5a6}</UniqueIdentifier>
    </Filter>
    <Filter Include="Source Files\Commands\IncrementSprite">
      <UniqueIdentifier>{37d5a748-fe34-43d7-876e-42c8bd0bf07e}</UniqueIdentifier>
    </Filter>
    <Filter Include="Source Files\Observers\TileObserver">
      <UniqueIdentifier>{5f715058-de86-4695-821c-04608611713c}</UniqueIdentifier>
    </Filter>
    <Filter Include="Source Files\Scenes\QBertScene">
      <UniqueIdentifier>{0427015d-d427-41a7-bb73-fcd1fc3867e8}</UniqueIdentifier>
    </Filter>
    <Filter Include="Source Files\Commands\Movement">
      <UniqueIdentifier>{1ffaad5e-9b63-4b6f-ad61-9781ab9a86d3}</UniqueIdentifier>
    </Filter>
    <Filter Include="Source Files\Commands\Movement\MoveUpLeft">
      <UniqueIdentifier>{b1b043dd-08a9-4a54-96b3-56c718393e71}</UniqueIdentifier>
    </Filter>
    <Filter Include="Source Files\Components">
      <UniqueIdentifier>{efdee0bd-d7b9-4f8f-a6c9-de7b4bb53b24}</UniqueIdentifier>
    </Filter>
    <Filter Include="Source Files\Components\Lives">
      <UniqueIdentifier>{2b44f259-f2f1-48a4-9d94-62da948abf4e}</UniqueIdentifier>
    </Filter>
    <Filter Include="Source Files\Components\Health">
      <UniqueIdentifier>{30722c0c-7b7d-4060-af30-9d6331a5de37}</UniqueIdentifier>
    </Filter>
    <Filter Include="Source Files\Components\Tile">
      <UniqueIdentifier>{eff0b060-ea22-4abc-a8e9-be4c5d78749f}</UniqueIdentifier>
    </Filter>
    <Filter Include="Source Files\Components\Discs">
      <UniqueIdentifier>{15cedeef-7c5f-41d0-92ff-28f3af7bb55a}</UniqueIdentifier>
    </Filter>
    <Filter Include="Source Files\Components\Coily">
      <UniqueIdentifier>{a0154caa-695d-4352-9bdd-7515b78d2298}</UniqueIdentifier>
    </Filter>
    <Filter Include="Source Files\Components\Onion">
      <UniqueIdentifier>{b37ca333-b091-4521-880b-b4e5feb5631e}</UniqueIdentifier>
    </Filter>
    <Filter Include="Source Files\Components\Score">
      <UniqueIdentifier>{e773d887-10cd-4a79-b105-8943a4135dec}</UniqueIdentifier>
    </Filter>
    <Filter Include="Source Files\Components\QBert">
      <UniqueIdentifier>{46e5280b-b5ca-4cca-b4f1-1ea91bcc8f9c}</UniqueIdentifier>
    </Filter>
    <Filter Include="Source Files\Components\Movement">
      <UniqueIdentifier>{a82a873d-a43e-49cc-a520-f8c49781f81c}</UniqueIdentifier>
    </Filter>
    <Filter Include="Source Files\Commands\Movement\MoveUpRight">
      <UniqueIdentifier>{c6be06ba-727e-40a9-8da2-e837b33ab755}</UniqueIdentifier>
    </Filter>
    <Filter Include="Source Files\Commands\Movement\MoveDownLeft">
      <UniqueIdentifier>{57184aa7-4fc2-4492-9fbb-aa4255dfc346}</UniqueIdentifier>
    </Filter>
    <Filter Include="Source Files\Commands\Movement\MoveDownRight">
      <UniqueIdentifier>{6484a8c5-032e-4346-9c5d-f905a525a4f4}</UniqueIdentifier>
    </Filter>
    <Filter Include="Source Files\Observers\Movement">
      <UniqueIdentifier>{5bf019f0-2b9a-458e-abb5-e969468bfd11}</UniqueIdentifier>
    </Filter>
    <Filter Include="Source Files\Components\PassiveMob">
      <UniqueIdentifier>{8c390a5a-90c0-43b0-af4a-8ffaeef24450}</UniqueIdentifier>
    </Filter>
  </ItemGroup>
  <ItemGroup>
    <ClCompile Include="HealthComponent.cpp">
      <Filter>Source Files\Components\Health</Filter>
    </ClCompile>
    <ClCompile Include="UILivesComponent.cpp">
      <Filter>Source Files\Components\Lives</Filter>
    </ClCompile>
    <ClCompile Include="LoseLifeCommand.cpp">
      <Filter>Source Files\Commands\LoseLife</Filter>
    </ClCompile>
    <ClCompile Include="TileComponent.cpp">
      <Filter>Source Files\Components\Tile</Filter>
    </ClCompile>
    <ClCompile Include="UIScoreComponent.cpp">
      <Filter>Source Files\Components\Score</Filter>
    </ClCompile>
    <ClCompile Include="QBertApp.cpp">
      <Filter>Source Files</Filter>
    </ClCompile>
    <ClCompile Include="LivesObserver.cpp">
      <Filter>Source Files\Observers\LivesObserver</Filter>
    </ClCompile>
    <ClCompile Include="DeathCommand.cpp">
      <Filter>Source Files\Commands\Death</Filter>
    </ClCompile>
    <ClCompile Include="QBertComponent.cpp">
      <Filter>Source Files\Components\QBert</Filter>
    </ClCompile>
    <ClCompile Include="QBertObserver.cpp">
      <Filter>Source Files\Observers\QBertObserver</Filter>
    </ClCompile>
    <ClCompile Include="Scene1.cpp">
      <Filter>Source Files\Scenes\Scene1</Filter>
    </ClCompile>
    <ClCompile Include="QBertPCH.cpp">
      <Filter>Source Files\QBertPCH</Filter>
    </ClCompile>
    <ClCompile Include="TestScene.cpp">
      <Filter>Source Files\Scenes\TestScene</Filter>
    </ClCompile>
    <ClCompile Include="PyramidScene.cpp">
      <Filter>Source Files\Scenes\PyramidScene</Filter>
    </ClCompile>
    <ClCompile Include="IncrementSprite.cpp">
      <Filter>Source Files\Commands\IncrementSprite</Filter>
    </ClCompile>
    <ClCompile Include="QBertScene.cpp">
      <Filter>Source Files\Scenes\QBertScene</Filter>
    </ClCompile>
    <ClCompile Include="MovementComponent.cpp">
      <Filter>Source Files\Components\Movement</Filter>
    </ClCompile>
    <ClCompile Include="MoveUpLeftCommand.cpp">
      <Filter>Source Files\Commands\Movement\MoveUpLeft</Filter>
    </ClCompile>
    <ClCompile Include="MoveUpRightCommand.cpp">
      <Filter>Source Files\Commands\Movement\MoveUpRight</Filter>
    </ClCompile>
    <ClCompile Include="MoveDownRightCommand.cpp">
      <Filter>Source Files\Commands\Movement\MoveDownRight</Filter>
    </ClCompile>
    <ClCompile Include="MoveDownLeftCommand.cpp">
      <Filter>Source Files\Commands\Movement\MoveDownLeft</Filter>
    </ClCompile>
    <ClCompile Include="MovementObserver.cpp">
      <Filter>Source Files\Observers\Movement</Filter>
    </ClCompile>
    <ClCompile Include="CoilyComponent.cpp">
      <Filter>Source Files\Components\Coily</Filter>
    </ClCompile>
    <ClCompile Include="PassiveEnemyComponent.cpp">
      <Filter>Source Files\Components\PassiveMob</Filter>
    </ClCompile>
  </ItemGroup>
  <ItemGroup>
    <ClInclude Include="HealthComponent.h">
      <Filter>Source Files\Components\Health</Filter>
    </ClInclude>
    <ClInclude Include="UILivesComponent.h">
      <Filter>Source Files\Components\Lives</Filter>
    </ClInclude>
    <ClInclude Include="LoseLifeCommand.h">
      <Filter>Source Files\Commands\LoseLife</Filter>
    </ClInclude>
    <ClInclude Include="TileComponent.h">
      <Filter>Source Files\Components\Tile</Filter>
    </ClInclude>
    <ClInclude Include="UIScoreComponent.h">
      <Filter>Source Files\Components\Score</Filter>
    </ClInclude>
    <ClInclude Include="LivesObserver.h">
      <Filter>Source Files\Observers\LivesObserver</Filter>
    </ClInclude>
    <ClInclude Include="DeathCommand.h">
      <Filter>Source Files\Commands\Death</Filter>
    </ClInclude>
    <ClInclude Include="QBertComponent.h">
      <Filter>Source Files\Components\QBert</Filter>
    </ClInclude>
    <ClInclude Include="QBertObserver.h">
      <Filter>Source Files\Observers\QBertObserver</Filter>
    </ClInclude>
    <ClInclude Include="Scene1.h">
      <Filter>Source Files\Scenes\Scene1</Filter>
    </ClInclude>
    <ClInclude Include="QBertPCH.h">
      <Filter>Source Files\QBertPCH</Filter>
    </ClInclude>
    <ClInclude Include="TestScene.h">
      <Filter>Source Files\Scenes\TestScene</Filter>
    </ClInclude>
    <ClInclude Include="PyramidScene.h">
      <Filter>Source Files\Scenes\PyramidScene</Filter>
    </ClInclude>
    <ClInclude Include="IncrementSprite.h">
      <Filter>Source Files\Commands\IncrementSprite</Filter>
    </ClInclude>
    <ClInclude Include="QBertApp.h">
      <Filter>Source Files</Filter>
    </ClInclude>
    <ClInclude Include="QBertScene.h">
      <Filter>Source Files\Scenes\QBertScene</Filter>
    </ClInclude>
    <ClInclude Include="MovementComponent.h">
      <Filter>Source Files\Components\Movement</Filter>
    </ClInclude>
    <ClInclude Include="MoveUpLeftCommand.h">
      <Filter>Source Files\Commands\Movement\MoveUpLeft</Filter>
    </ClInclude>
    <ClInclude Include="MoveUpRightCommand.h">
      <Filter>Source Files\Commands\Movement\MoveUpRight</Filter>
    </ClInclude>
    <ClInclude Include="MoveDownRightCommand.h">
      <Filter>Source Files\Commands\Movement\MoveDownRight</Filter>
    </ClInclude>
    <ClInclude Include="MoveDownLeftCommand.h">
      <Filter>Source Files\Commands\Movement\MoveDownLeft</Filter>
    </ClInclude>
    <ClInclude Include="MovementObserver.h">
      <Filter>Source Files\Observers\Movement</Filter>
    </ClInclude>
    <ClInclude Include="CoilyComponent.h">
      <Filter>Source Files\Components\Coily</Filter>
    </ClInclude>
    <ClInclude Include="PassiveEnemyComponent.h">
      <Filter>Source Files\Components\PassiveMob</Filter>
    </ClInclude>
  </ItemGroup>
</Project>